
Microsoft Visual Studio Solution File, Format Version 12.00
# Visual Studio 14
VisualStudioVersion = 14.0.24720.0
MinimumVisualStudioVersion = 10.0.40219.1
Project("{8BC9CEB8-8B4A-11D0-8D11-00A0C91BC942}") = "Channl32_2015", "Channl32\Channl32_2015.vcxproj", "{D35AC74E-89F4-458E-A2FB-472AB79F941E}"
	ProjectSection(ProjectDependencies) = postProject
		{D0519879-6E2C-4969-ACBE-1A876381FA79} = {D0519879-6E2C-4969-ACBE-1A876381FA79}
	EndProjectSection
EndProject
Project("{8BC9CEB8-8B4A-11D0-8D11-00A0C91BC942}") = "Login32_2015", "Login32\Login32_2015.vcxproj", "{3FA0A21C-7626-489C-929D-C57E0C68EA9D}"
	ProjectSection(ProjectDependencies) = postProject
		{D0519879-6E2C-4969-ACBE-1A876381FA79} = {D0519879-6E2C-4969-ACBE-1A876381FA79}
	EndProjectSection
EndProject
Project("{2150E333-8FDC-42A3-9474-1A3956D46DE8}") = "Solution Items", "Solution Items", "{C74F520E-79A7-46DF-AC4D-7344D2576EA7}"
	ProjectSection(SolutionItems) = preProject
		bin\config.ini = bin\config.ini
	EndProjectSection
EndProject
Project("{8BC9CEB8-8B4A-11D0-8D11-00A0C91BC942}") = "stlx", "dep\stlx\stlx.vcxproj", "{D0519879-6E2C-4969-ACBE-1A876381FA79}"
EndProject
Global
	GlobalSection(SolutionConfigurationPlatforms) = preSolution
		Debug|Win32 = Debug|Win32
		Release|Win32 = Release|Win32
	EndGlobalSection
	GlobalSection(ProjectConfigurationPlatforms) = postSolution
		{D35AC74E-89F4-458E-A2FB-472AB79F941E}.Debug|Win32.ActiveCfg = Debug|Win32
		{D35AC74E-89F4-458E-A2FB-472AB79F941E}.Debug|Win32.Build.0 = Debug|Win32
		{D35AC74E-89F4-458E-A2FB-472AB79F941E}.Release|Win32.ActiveCfg = Release|Win32
		{D35AC74E-89F4-458E-A2FB-472AB79F941E}.Release|Win32.Build.0 = Release|Win32
		{3FA0A21C-7626-489C-929D-C57E0C68EA9D}.Debug|Win32.ActiveCfg = Debug|Win32
		{3FA0A21C-7626-489C-929D-C57E0C68EA9D}.Debug|Win32.Build.0 = Debug|Win32
		{3FA0A21C-7626-489C-929D-C57E0C68EA9D}.Release|Win32.ActiveCfg = Release|Win32
		{3FA0A21C-7626-489C-929D-C57E0C68EA9D}.Release|Win32.Build.0 = Release|Win32
		{D0519879-6E2C-4969-ACBE-1A876381FA79}.Debug|Win32.ActiveCfg = Debug|Win32
		{D0519879-6E2C-4969-ACBE-1A876381FA79}.Debug|Win32.Build.0 = Debug|Win32
		{D0519879-6E2C-4969-ACBE-1A876381FA79}.Release|Win32.ActiveCfg = Release|Win32
		{D0519879-6E2C-4969-ACBE-1A876381FA79}.Release|Win32.Build.0 = Release|Win32
	EndGlobalSection
	GlobalSection(SolutionProperties) = preSolution
		HideSolutionNode = FALSE
	EndGlobalSection
	GlobalSection(SubversionScc) = preSolution
		Svn-Managed = True
		Manager = AnkhSVN - Subversion Support for Visual Studio
	EndGlobalSection
EndGlobal
